{
  "name": "RN_Covid19_New_UI",
  "version": "0.0.1",
  "lockfileVersion": 1,
  "requires": true,
  "dependencies": {
    "@react-native-community/toolbar-android": {
      "version": "0.1.0-rc.2",
      "resolved": "https://registry.npmjs.org/@react-native-community/toolbar-android/-/toolbar-android-0.1.0-rc.2.tgz",
      "integrity": "sha512-UCblqsitOcoYxVc6QzcaqCKogeRnePPMw7cbGvW5GI/GXIwQel8Kge9d910W3MUPUzw3pFzhIZVug6U3W067Pg=="
    }
  }
}
